
Microsoft Visual Studio Solution File, Format Version 12.00
# Visual Studio 2013
Project("{8BC9CEB8-8B4A-11D0-8D11-00A0C91BC942}") = "FPSCamera", "FPSCamera.vcxproj", "{68231E72-9E4C-42BD-88CB-F34FA925062F}"
EndProject
Global
	GlobalSection(SolutionConfigurationPlatforms) = preSolution
		Debug|Win32 = Debug|Win32
		Release|Win32 = Release|Win32
	EndGlobalSection
	GlobalSection(ProjectConfigurationPlatforms) = postSolution
		{68231E72-9E4C-42BD-88CB-F34FA925062F}.Debug|Win32.ActiveCfg = Debug|Win32
		{68231E72-9E4C-42BD-88CB-F34FA925062F}.Debug|Win32.Build.0 = Debug|Win32
		{68231E72-9E4C-42BD-88CB-F34FA925062F}.Release|Win32.ActiveCfg = Release|Win32
		{68231E72-9E4C-42BD-88CB-F34FA925062F}.Release|Win32.Build.0 = Release|Win32
	EndGlobalSection
	GlobalSection(SolutionProperties) = preSolution
		HideSolutionNode = FALSE
	EndGlobalSection
EndGlobal
